
Microsoft Visual Studio Solution File, Format Version 12.00
# Visual Studio 15
VisualStudioVersion = 15.0.28307.1972
MinimumVisualStudioVersion = 10.0.40219.1
Project("{FAE04EC0-301F-11D3-BF4B-00C04F79EFBC}") = "OrderManagement1", "OrderManagement1\OrderManagement1.csproj", "{EBC0BB17-AF5E-43A8-8A99-DDC8AF3A81A3}"
EndProject
Global
	GlobalSection(SolutionConfigurationPlatforms) = preSolution
		Debug|Any CPU = Debug|Any CPU
		Release|Any CPU = Release|Any CPU
	EndGlobalSection
	GlobalSection(ProjectConfigurationPlatforms) = postSolution
		{EBC0BB17-AF5E-43A8-8A99-DDC8AF3A81A3}.Debug|Any CPU.ActiveCfg = Debug|Any CPU
		{EBC0BB17-AF5E-43A8-8A99-DDC8AF3A81A3}.Debug|Any CPU.Build.0 = Debug|Any CPU
		{EBC0BB17-AF5E-43A8-8A99-DDC8AF3A81A3}.Release|Any CPU.ActiveCfg = Release|Any CPU
		{EBC0BB17-AF5E-43A8-8A99-DDC8AF3A81A3}.Release|Any CPU.Build.0 = Release|Any CPU
	EndGlobalSection
	GlobalSection(SolutionProperties) = preSolution
		HideSolutionNode = FALSE
	EndGlobalSection
	GlobalSection(ExtensibilityGlobals) = postSolution
		SolutionGuid = {2526C458-5544-4484-8BD3-6AA895354C2C}
	EndGlobalSection
EndGlobal
